
Microsoft Visual Studio Solution File, Format Version 12.00
# Visual Studio Version 16
VisualStudioVersion = 16.0.32510.428
MinimumVisualStudioVersion = 10.0.40219.1
Project("{FAE04EC0-301F-11D3-BF4B-00C04F79EFBC}") = "VikasJSTests", "VikasJSTests\VikasJSTests.csproj", "{AA1490BA-4D4E-41F8-BA18-0B46FF12DE29}"
EndProject
Global
	GlobalSection(SolutionConfigurationPlatforms) = preSolution
		Debug|Any CPU = Debug|Any CPU
		Release|Any CPU = Release|Any CPU
	EndGlobalSection
	GlobalSection(ProjectConfigurationPlatforms) = postSolution
		{AA1490BA-4D4E-41F8-BA18-0B46FF12DE29}.Debug|Any CPU.ActiveCfg = Debug|Any CPU
		{AA1490BA-4D4E-41F8-BA18-0B46FF12DE29}.Debug|Any CPU.Build.0 = Debug|Any CPU
		{AA1490BA-4D4E-41F8-BA18-0B46FF12DE29}.Release|Any CPU.ActiveCfg = Release|Any CPU
		{AA1490BA-4D4E-41F8-BA18-0B46FF12DE29}.Release|Any CPU.Build.0 = Release|Any CPU
	EndGlobalSection
	GlobalSection(SolutionProperties) = preSolution
		HideSolutionNode = FALSE
	EndGlobalSection
	GlobalSection(ExtensibilityGlobals) = postSolution
		SolutionGuid = {4E2DEA72-0679-4217-B9CE-6E0315D0AA9F}
	EndGlobalSection
EndGlobal
